
Microsoft Visual Studio Solution File, Format Version 12.00
# Visual Studio Version 17
VisualStudioVersion = 17.10.34928.147
MinimumVisualStudioVersion = 10.0.40219.1
Project("{9A19103F-16F7-4668-BE54-9A1E7A4F7556}") = "wardalert", "wardalert.csproj", "{DC5CFAE9-A565-46E9-A695-F8AF7D31218D}"
EndProject
Global
	GlobalSection(SolutionConfigurationPlatforms) = preSolution
		Debug|Any CPU = Debug|Any CPU
		Release|Any CPU = Release|Any CPU
	EndGlobalSection
	GlobalSection(ProjectConfigurationPlatforms) = postSolution
		{DC5CFAE9-A565-46E9-A695-F8AF7D31218D}.Debug|Any CPU.ActiveCfg = Debug|Any CPU
		{DC5CFAE9-A565-46E9-A695-F8AF7D31218D}.Debug|Any CPU.Build.0 = Debug|Any CPU
		{DC5CFAE9-A565-46E9-A695-F8AF7D31218D}.Release|Any CPU.ActiveCfg = Release|Any CPU
		{DC5CFAE9-A565-46E9-A695-F8AF7D31218D}.Release|Any CPU.Build.0 = Release|Any CPU
	EndGlobalSection
	GlobalSection(SolutionProperties) = preSolution
		HideSolutionNode = FALSE
	EndGlobalSection
	GlobalSection(ExtensibilityGlobals) = postSolution
		SolutionGuid = {35C77E52-CC4E-435D-BF6C-42CFCC02882A}
	EndGlobalSection
EndGlobal
